
Microsoft Visual Studio Solution File, Format Version 12.00
# Visual Studio Version 17
VisualStudioVersion = 17.0.31903.59
MinimumVisualStudioVersion = 10.0.40219.1
Project("{FAE04EC0-301F-11D3-BF4B-00C04F79EFBC}") = "TableFlowBackend", "TableFlowBackend\TableFlowBackend.csproj", "{3AE03330-3904-4B64-818B-759594C65234}"
EndProject
Project("{FAE04EC0-301F-11D3-BF4B-00C04F79EFBC}") = "TableFlowBackend.Tests", "TableFlowBackend.Tests\TableFlowBackend.Tests.csproj", "{25DF714B-AC9B-454F-AF35-60A09FDA0317}"
EndProject
Global
	GlobalSection(SolutionConfigurationPlatforms) = preSolution
		Debug|Any CPU = Debug|Any CPU
		Release|Any CPU = Release|Any CPU
	EndGlobalSection
	GlobalSection(SolutionProperties) = preSolution
		HideSolutionNode = FALSE
	EndGlobalSection
	GlobalSection(ProjectConfigurationPlatforms) = postSolution
		{3AE03330-3904-4B64-818B-759594C65234}.Debug|Any CPU.ActiveCfg = Debug|Any CPU
		{3AE03330-3904-4B64-818B-759594C65234}.Debug|Any CPU.Build.0 = Debug|Any CPU
		{3AE03330-3904-4B64-818B-759594C65234}.Release|Any CPU.ActiveCfg = Release|Any CPU
		{3AE03330-3904-4B64-818B-759594C65234}.Release|Any CPU.Build.0 = Release|Any CPU
		{25DF714B-AC9B-454F-AF35-60A09FDA0317}.Debug|Any CPU.ActiveCfg = Debug|Any CPU
		{25DF714B-AC9B-454F-AF35-60A09FDA0317}.Debug|Any CPU.Build.0 = Debug|Any CPU
		{25DF714B-AC9B-454F-AF35-60A09FDA0317}.Release|Any CPU.ActiveCfg = Release|Any CPU
		{25DF714B-AC9B-454F-AF35-60A09FDA0317}.Release|Any CPU.Build.0 = Release|Any CPU
	EndGlobalSection
EndGlobal
